
Microsoft Visual Studio Solution File, Format Version 12.00
# Visual Studio Version 17
VisualStudioVersion = 17.6.33815.320
MinimumVisualStudioVersion = 10.0.40219.1
Project("{FAE04EC0-301F-11D3-BF4B-00C04F79EFBC}") = "Convert_TXT", "Convert_TXT\Convert_TXT.csproj", "{88EF31AF-72FF-43EE-8CDA-38EB242DB49E}"
EndProject
Global
	GlobalSection(SolutionConfigurationPlatforms) = preSolution
		Debug|Any CPU = Debug|Any CPU
		Release|Any CPU = Release|Any CPU
	EndGlobalSection
	GlobalSection(ProjectConfigurationPlatforms) = postSolution
		{88EF31AF-72FF-43EE-8CDA-38EB242DB49E}.Debug|Any CPU.ActiveCfg = Debug|Any CPU
		{88EF31AF-72FF-43EE-8CDA-38EB242DB49E}.Debug|Any CPU.Build.0 = Debug|Any CPU
		{88EF31AF-72FF-43EE-8CDA-38EB242DB49E}.Release|Any CPU.ActiveCfg = Release|Any CPU
		{88EF31AF-72FF-43EE-8CDA-38EB242DB49E}.Release|Any CPU.Build.0 = Release|Any CPU
	EndGlobalSection
	GlobalSection(SolutionProperties) = preSolution
		HideSolutionNode = FALSE
	EndGlobalSection
	GlobalSection(ExtensibilityGlobals) = postSolution
		SolutionGuid = {C403C05D-BE3B-434C-8E6A-260CFF520C7B}
	EndGlobalSection
EndGlobal
